
Microsoft Visual Studio Solution File, Format Version 12.00
# Visual Studio 15
VisualStudioVersion = 15.0.27130.2036
MinimumVisualStudioVersion = 10.0.40219.1
Project("{F184B08F-C81C-45F6-A57F-5ABD9991F28F}") = "VectorRecursivo", "WindowsApp1\VectorRecursivo.vbproj", "{DF6570E9-1F43-4278-ABED-F57290B25648}"
EndProject
Project("{2150E333-8FDC-42A3-9474-1A3956D46DE8}") = "Solution Items", "Solution Items", "{C34E498B-7D9D-40FA-A4AD-0F79AFC9A448}"
	ProjectSection(SolutionItems) = preProject
		WindowsApp1\conexion.vb = WindowsApp1\conexion.vb
	EndProjectSection
EndProject
Global
	GlobalSection(SolutionConfigurationPlatforms) = preSolution
		Debug|Any CPU = Debug|Any CPU
		Release|Any CPU = Release|Any CPU
	EndGlobalSection
	GlobalSection(ProjectConfigurationPlatforms) = postSolution
		{DF6570E9-1F43-4278-ABED-F57290B25648}.Debug|Any CPU.ActiveCfg = Debug|Any CPU
		{DF6570E9-1F43-4278-ABED-F57290B25648}.Debug|Any CPU.Build.0 = Debug|Any CPU
		{DF6570E9-1F43-4278-ABED-F57290B25648}.Release|Any CPU.ActiveCfg = Release|Any CPU
		{DF6570E9-1F43-4278-ABED-F57290B25648}.Release|Any CPU.Build.0 = Release|Any CPU
	EndGlobalSection
	GlobalSection(SolutionProperties) = preSolution
		HideSolutionNode = FALSE
	EndGlobalSection
	GlobalSection(ExtensibilityGlobals) = postSolution
		SolutionGuid = {9CFF4502-6E7D-4F4E-BAC0-256CA1C52591}
	EndGlobalSection
EndGlobal
